// !$*UTF8*$!
{
	archiveVersion = 1;
	classes = {
	};
	objectVersion = 51;
	objects = {

/* Begin PBXBuildFile section */
		4311350E231F9FB8007DF8AB /* MappingModelV2toV3.xcmappingmodel in Sources */ = {isa = PBXBuildFile; fileRef = 4311350D231F9FB8007DF8AB /* MappingModelV2toV3.xcmappingmodel */; };
		4313075922E1327A00A2A804 /* MenuSelectTableViewController.swift in Sources */ = {isa = PBXBuildFile; fileRef = 4313075822E1327A00A2A804 /* MenuSelectTableViewController.swift */; };
		431D155C22F63A1500C86C1A /* FSCalendar.framework in Frameworks */ = {isa = PBXBuildFile; fileRef = 435C903022C419D1009D6D4E /* FSCalendar.framework */; };
		431D155E22F63A7400C86C1A /* ReportCollectionViewCell.swift in Sources */ = {isa = PBXBuildFile; fileRef = 431D155D22F63A7300C86C1A /* ReportCollectionViewCell.swift */; };
		4327315722A0C15100BE2792 /* CustomerCollectionViewController.swift in Sources */ = {isa = PBXBuildFile; fileRef = 4327315622A0C15100BE2792 /* CustomerCollectionViewController.swift */; };
		4337059D22ADEF3700EBC58B /* ClientDetailCollectionViewController.swift in Sources */ = {isa = PBXBuildFile; fileRef = 4337059C22ADEF3700EBC58B /* ClientDetailCollectionViewController.swift */; };
		433705A222ADFA7C00EBC58B /* BaseCollectionViewController.swift in Sources */ = {isa = PBXBuildFile; fileRef = 433705A122ADFA7C00EBC58B /* BaseCollectionViewController.swift */; };
		433705AA22AEEDBA00EBC58B /* ClientDetailHeadReusableView.swift in Sources */ = {isa = PBXBuildFile; fileRef = 433705A922AEEDBA00EBC58B /* ClientDetailHeadReusableView.swift */; };
		433705AC22AEEFF900EBC58B /* UIView+ConstraintLayout.swift in Sources */ = {isa = PBXBuildFile; fileRef = 433705AB22AEEFF900EBC58B /* UIView+ConstraintLayout.swift */; };
		435C902E22C3557C009D6D4E /* ClientModel.xcdatamodeld in Sources */ = {isa = PBXBuildFile; fileRef = 435C902C22C3557B009D6D4E /* ClientModel.xcdatamodeld */; };
		435C903822C41CB0009D6D4E /* MainCalenderViewController.swift in Sources */ = {isa = PBXBuildFile; fileRef = 435C903722C41CB0009D6D4E /* MainCalenderViewController.swift */; };
		435C903B22C50A3B009D6D4E /* CalendarTableViewCell.swift in Sources */ = {isa = PBXBuildFile; fileRef = 435C903A22C50A3B009D6D4E /* CalendarTableViewCell.swift */; };
		435C903D22C50CF8009D6D4E /* MyUILabel.swift in Sources */ = {isa = PBXBuildFile; fileRef = 435C903C22C50CF8009D6D4E /* MyUILabel.swift */; };
		435D0EC022DC483000BB7F55 /* CustomDoneToolbar.swift in Sources */ = {isa = PBXBuildFile; fileRef = 435D0EBF22DC483000BB7F55 /* CustomDoneToolbar.swift */; };
		435D0EC222DC548E00BB7F55 /* MyNormalTextField.swift in Sources */ = {isa = PBXBuildFile; fileRef = 435D0EC122DC548E00BB7F55 /* MyNormalTextField.swift */; };
		435D0EC622DE844200BB7F55 /* ReportDetailViewController.swift in Sources */ = {isa = PBXBuildFile; fileRef = 435D0EC522DE844200BB7F55 /* ReportDetailViewController.swift */; };
		4376D08222E3B0BA00A4671D /* MenuMasterTableViewCell.swift in Sources */ = {isa = PBXBuildFile; fileRef = 4376D08122E3B0BA00A4671D /* MenuMasterTableViewCell.swift */; };
		4376D08422E57B3000A4671D /* NewMenuViewController.swift in Sources */ = {isa = PBXBuildFile; fileRef = 4376D08322E57B3000A4671D /* NewMenuViewController.swift */; };
		437A75A5229FABFF0032E371 /* AppDelegate.swift in Sources */ = {isa = PBXBuildFile; fileRef = 437A75A4229FABFF0032E371 /* AppDelegate.swift */; };
		437A75AA229FABFF0032E371 /* Main.storyboard in Resources */ = {isa = PBXBuildFile; fileRef = 437A75A8229FABFF0032E371 /* Main.storyboard */; };
		437A75AF229FAC010032E371 /* LaunchScreen.storyboard in Resources */ = {isa = PBXBuildFile; fileRef = 437A75AD229FAC010032E371 /* LaunchScreen.storyboard */; };
		437A75B8229FBF8B0032E371 /* MainTabBarController.swift in Sources */ = {isa = PBXBuildFile; fileRef = 437A75B7229FBF8B0032E371 /* MainTabBarController.swift */; };
		43A28B0A22EFB39F00F57860 /* Assets.xcassets in Resources */ = {isa = PBXBuildFile; fileRef = 43A28B0922EFB39F00F57860 /* Assets.xcassets */; };
		43A2F47222A1E815003A07ED /* CustomerCollectionViewCell.swift in Sources */ = {isa = PBXBuildFile; fileRef = 43A2F47122A1E815003A07ED /* CustomerCollectionViewCell.swift */; };
		43A2F49722A5FFDA003A07ED /* AddClientViewController.swift in Sources */ = {isa = PBXBuildFile; fileRef = 43A2F49622A5FFDA003A07ED /* AddClientViewController.swift */; };
		43A2F49F22A7B315003A07ED /* MyTextField.swift in Sources */ = {isa = PBXBuildFile; fileRef = 43A2F49E22A7B315003A07ED /* MyTextField.swift */; };
		43C52F5822E6751600322342 /* TagColor.swift in Sources */ = {isa = PBXBuildFile; fileRef = 43C52F5722E6751600322342 /* TagColor.swift */; };
		43C52F6122ED6ED600322342 /* FetchTableViewController.swift in Sources */ = {isa = PBXBuildFile; fileRef = 43C52F6022ED6ED600322342 /* FetchTableViewController.swift */; };
		43DA461822C7E13B00000FB5 /* AddAppointmentViewController.swift in Sources */ = {isa = PBXBuildFile; fileRef = 43DA461722C7E13B00000FB5 /* AddAppointmentViewController.swift */; };
		43E2D18D22B35AE300DCD9CA /* NewReportViewController.swift in Sources */ = {isa = PBXBuildFile; fileRef = 43E2D18C22B35AE300DCD9CA /* NewReportViewController.swift */; };
		43E6915422AB0B8A0097C2B6 /* CoreDataManager.swift in Sources */ = {isa = PBXBuildFile; fileRef = 43E6915322AB0B8A0097C2B6 /* CoreDataManager.swift */; };
		43ED0B0122BD8D4100781893 /* DatePickerKeyboard.swift in Sources */ = {isa = PBXBuildFile; fileRef = 43ED0B0022BD8D4100781893 /* DatePickerKeyboard.swift */; };
		43ED0B0322BD8D5B00781893 /* Extensions.swift in Sources */ = {isa = PBXBuildFile; fileRef = 43ED0B0222BD8D5B00781893 /* Extensions.swift */; };
		43ED0B0522BD8D9100781893 /* MyTextView.swift in Sources */ = {isa = PBXBuildFile; fileRef = 43ED0B0422BD8D9100781893 /* MyTextView.swift */; };
		43ED0B0922BD998900781893 /* CustomDateToolbar.swift in Sources */ = {isa = PBXBuildFile; fileRef = 43ED0B0822BD998900781893 /* CustomDateToolbar.swift */; };
		43ED0B0F22C0351600781893 /* FetchCollectionViewController.swift in Sources */ = {isa = PBXBuildFile; fileRef = 43ED0B0E22C0351600781893 /* FetchCollectionViewController.swift */; };
		43F87A97233C9BA70098A47E /* Colors.xcassets in Resources */ = {isa = PBXBuildFile; fileRef = 43F87A96233C9BA70098A47E /* Colors.xcassets */; };
		CC42ED7768DC4D1127C903AD /* Pods_Nailish.framework in Frameworks */ = {isa = PBXBuildFile; fileRef = 89D7F6BCDF1DD08D3D4FF57C /* Pods_Nailish.framework */; };
/* End PBXBuildFile section */

/* Begin PBXFileReference section */
		4311350C231F9775007DF8AB /* ClientModel v3.xcdatamodel */ = {isa = PBXFileReference; lastKnownFileType = wrapper.xcdatamodel; path = "ClientModel v3.xcdatamodel"; sourceTree = "<group>"; };
		4311350D231F9FB8007DF8AB /* MappingModelV2toV3.xcmappingmodel */ = {isa = PBXFileReference; lastKnownFileType = wrapper.xcmappingmodel; path = MappingModelV2toV3.xcmappingmodel; sourceTree = "<group>"; };
		4313075722E12F1A00A2A804 /* Model.h */ = {isa = PBXFileReference; lastKnownFileType = sourcecode.c.h; path = Model.h; sourceTree = "<group>"; };
		4313075822E1327A00A2A804 /* MenuSelectTableViewController.swift */ = {isa = PBXFileReference; lastKnownFileType = sourcecode.swift; path = MenuSelectTableViewController.swift; sourceTree = "<group>"; };
		431D155D22F63A7300C86C1A /* ReportCollectionViewCell.swift */ = {isa = PBXFileReference; fileEncoding = 4; lastKnownFileType = sourcecode.swift; path = ReportCollectionViewCell.swift; sourceTree = "<group>"; };
		4327315622A0C15100BE2792 /* CustomerCollectionViewController.swift */ = {isa = PBXFileReference; lastKnownFileType = sourcecode.swift; name = CustomerCollectionViewController.swift; path = ../CustomerCollectionViewController.swift; sourceTree = "<group>"; };
		4337059C22ADEF3700EBC58B /* ClientDetailCollectionViewController.swift */ = {isa = PBXFileReference; lastKnownFileType = sourcecode.swift; path = ClientDetailCollectionViewController.swift; sourceTree = "<group>"; };
		433705A122ADFA7C00EBC58B /* BaseCollectionViewController.swift */ = {isa = PBXFileReference; lastKnownFileType = sourcecode.swift; path = BaseCollectionViewController.swift; sourceTree = "<group>"; };
		433705A922AEEDBA00EBC58B /* ClientDetailHeadReusableView.swift */ = {isa = PBXFileReference; fileEncoding = 4; lastKnownFileType = sourcecode.swift; path = ClientDetailHeadReusableView.swift; sourceTree = "<group>"; };
		433705AB22AEEFF900EBC58B /* UIView+ConstraintLayout.swift */ = {isa = PBXFileReference; fileEncoding = 4; lastKnownFileType = sourcecode.swift; path = "UIView+ConstraintLayout.swift"; sourceTree = "<group>"; };
		433B535C230A1ECB0051B944 /* ClientModel v2.xcdatamodel */ = {isa = PBXFileReference; lastKnownFileType = wrapper.xcdatamodel; path = "ClientModel v2.xcdatamodel"; sourceTree = "<group>"; };
		435C902D22C3557B009D6D4E /* ClientModel.xcdatamodel */ = {isa = PBXFileReference; lastKnownFileType = wrapper.xcdatamodel; path = ClientModel.xcdatamodel; sourceTree = "<group>"; };
		435C903022C419D1009D6D4E /* FSCalendar.framework */ = {isa = PBXFileReference; lastKnownFileType = wrapper.framework; name = FSCalendar.framework; path = Carthage/Build/iOS/FSCalendar.framework; sourceTree = SOURCE_ROOT; };
		435C903722C41CB0009D6D4E /* MainCalenderViewController.swift */ = {isa = PBXFileReference; lastKnownFileType = sourcecode.swift; path = MainCalenderViewController.swift; sourceTree = "<group>"; };
		435C903A22C50A3B009D6D4E /* CalendarTableViewCell.swift */ = {isa = PBXFileReference; lastKnownFileType = sourcecode.swift; path = CalendarTableViewCell.swift; sourceTree = "<group>"; };
		435C903C22C50CF8009D6D4E /* MyUILabel.swift */ = {isa = PBXFileReference; lastKnownFileType = sourcecode.swift; path = MyUILabel.swift; sourceTree = "<group>"; };
		435D0EBF22DC483000BB7F55 /* CustomDoneToolbar.swift */ = {isa = PBXFileReference; lastKnownFileType = sourcecode.swift; path = CustomDoneToolbar.swift; sourceTree = "<group>"; };
		435D0EC122DC548E00BB7F55 /* MyNormalTextField.swift */ = {isa = PBXFileReference; lastKnownFileType = sourcecode.swift; path = MyNormalTextField.swift; sourceTree = "<group>"; };
		435D0EC522DE844200BB7F55 /* ReportDetailViewController.swift */ = {isa = PBXFileReference; lastKnownFileType = sourcecode.swift; path = ReportDetailViewController.swift; sourceTree = "<group>"; };
		4376D08122E3B0BA00A4671D /* MenuMasterTableViewCell.swift */ = {isa = PBXFileReference; lastKnownFileType = sourcecode.swift; path = MenuMasterTableViewCell.swift; sourceTree = "<group>"; };
		4376D08322E57B3000A4671D /* NewMenuViewController.swift */ = {isa = PBXFileReference; lastKnownFileType = sourcecode.swift; path = NewMenuViewController.swift; sourceTree = "<group>"; };
		437A75A1229FABFF0032E371 /* Nailish.app */ = {isa = PBXFileReference; explicitFileType = wrapper.application; includeInIndex = 0; path = Nailish.app; sourceTree = BUILT_PRODUCTS_DIR; };
		437A75A4229FABFF0032E371 /* AppDelegate.swift */ = {isa = PBXFileReference; lastKnownFileType = sourcecode.swift; path = AppDelegate.swift; sourceTree = "<group>"; };
		437A75A9229FABFF0032E371 /* Base */ = {isa = PBXFileReference; lastKnownFileType = file.storyboard; name = Base; path = Base.lproj/Main.storyboard; sourceTree = "<group>"; };
		437A75AE229FAC010032E371 /* Base */ = {isa = PBXFileReference; lastKnownFileType = file.storyboard; name = Base; path = Base.lproj/LaunchScreen.storyboard; sourceTree = "<group>"; };
		437A75B0229FAC010032E371 /* Info.plist */ = {isa = PBXFileReference; lastKnownFileType = text.plist.xml; path = Info.plist; sourceTree = "<group>"; };
		437A75B7229FBF8B0032E371 /* MainTabBarController.swift */ = {isa = PBXFileReference; lastKnownFileType = sourcecode.swift; path = MainTabBarController.swift; sourceTree = "<group>"; };
		43A28B0922EFB39F00F57860 /* Assets.xcassets */ = {isa = PBXFileReference; lastKnownFileType = folder.assetcatalog; path = Assets.xcassets; sourceTree = "<group>"; };
		43A2F47122A1E815003A07ED /* CustomerCollectionViewCell.swift */ = {isa = PBXFileReference; lastKnownFileType = sourcecode.swift; path = CustomerCollectionViewCell.swift; sourceTree = "<group>"; };
		43A2F49622A5FFDA003A07ED /* AddClientViewController.swift */ = {isa = PBXFileReference; lastKnownFileType = sourcecode.swift; path = AddClientViewController.swift; sourceTree = "<group>"; };
		43A2F49E22A7B315003A07ED /* MyTextField.swift */ = {isa = PBXFileReference; lastKnownFileType = sourcecode.swift; path = MyTextField.swift; sourceTree = "<group>"; };
		43C52F5722E6751600322342 /* TagColor.swift */ = {isa = PBXFileReference; lastKnownFileType = sourcecode.swift; path = TagColor.swift; sourceTree = "<group>"; };
		43C52F6022ED6ED600322342 /* FetchTableViewController.swift */ = {isa = PBXFileReference; lastKnownFileType = sourcecode.swift; path = FetchTableViewController.swift; sourceTree = "<group>"; };
		43DA461722C7E13B00000FB5 /* AddAppointmentViewController.swift */ = {isa = PBXFileReference; lastKnownFileType = sourcecode.swift; path = AddAppointmentViewController.swift; sourceTree = "<group>"; };
		43E2D18C22B35AE300DCD9CA /* NewReportViewController.swift */ = {isa = PBXFileReference; lastKnownFileType = sourcecode.swift; path = NewReportViewController.swift; sourceTree = "<group>"; };
		43E6915322AB0B8A0097C2B6 /* CoreDataManager.swift */ = {isa = PBXFileReference; lastKnownFileType = sourcecode.swift; path = CoreDataManager.swift; sourceTree = "<group>"; };
		43ED0B0022BD8D4100781893 /* DatePickerKeyboard.swift */ = {isa = PBXFileReference; lastKnownFileType = sourcecode.swift; path = DatePickerKeyboard.swift; sourceTree = "<group>"; };
		43ED0B0222BD8D5B00781893 /* Extensions.swift */ = {isa = PBXFileReference; lastKnownFileType = sourcecode.swift; path = Extensions.swift; sourceTree = "<group>"; };
		43ED0B0422BD8D9100781893 /* MyTextView.swift */ = {isa = PBXFileReference; lastKnownFileType = sourcecode.swift; path = MyTextView.swift; sourceTree = "<group>"; };
		43ED0B0822BD998900781893 /* CustomDateToolbar.swift */ = {isa = PBXFileReference; lastKnownFileType = sourcecode.swift; path = CustomDateToolbar.swift; sourceTree = "<group>"; };
		43ED0B0E22C0351600781893 /* FetchCollectionViewController.swift */ = {isa = PBXFileReference; lastKnownFileType = sourcecode.swift; path = FetchCollectionViewController.swift; sourceTree = "<group>"; };
		43F87A96233C9BA70098A47E /* Colors.xcassets */ = {isa = PBXFileReference; lastKnownFileType = folder.assetcatalog; path = Colors.xcassets; sourceTree = "<group>"; };
		4BDE12FAE40CC1B8224A4A29 /* Pods-Nailish.release.xcconfig */ = {isa = PBXFileReference; includeInIndex = 1; lastKnownFileType = text.xcconfig; name = "Pods-Nailish.release.xcconfig"; path = "Target Support Files/Pods-Nailish/Pods-Nailish.release.xcconfig"; sourceTree = "<group>"; };
		89D7F6BCDF1DD08D3D4FF57C /* Pods_Nailish.framework */ = {isa = PBXFileReference; explicitFileType = wrapper.framework; includeInIndex = 0; path = Pods_Nailish.framework; sourceTree = BUILT_PRODUCTS_DIR; };
		D1588EEC521CE11B7703E6EF /* Pods-Nailish.debug.xcconfig */ = {isa = PBXFileReference; includeInIndex = 1; lastKnownFileType = text.xcconfig; name = "Pods-Nailish.debug.xcconfig"; path = "Target Support Files/Pods-Nailish/Pods-Nailish.debug.xcconfig"; sourceTree = "<group>"; };
/* End PBXFileReference section */

/* Begin PBXFrameworksBuildPhase section */
		437A759E229FABFF0032E371 /* Frameworks */ = {
			isa = PBXFrameworksBuildPhase;
			buildActionMask = 2147483647;
			files = (
				431D155C22F63A1500C86C1A /* FSCalendar.framework in Frameworks */,
				CC42ED7768DC4D1127C903AD /* Pods_Nailish.framework in Frameworks */,
			);
			runOnlyForDeploymentPostprocessing = 0;
		};
/* End PBXFrameworksBuildPhase section */

/* Begin PBXGroup section */
		25EA0D06237956449CBB2681 /* Pods */ = {
			isa = PBXGroup;
			children = (
				D1588EEC521CE11B7703E6EF /* Pods-Nailish.debug.xcconfig */,
				4BDE12FAE40CC1B8224A4A29 /* Pods-Nailish.release.xcconfig */,
			);
			path = Pods;
			sourceTree = "<group>";
		};
		4327315522A09EF900BE2792 /* Customer */ = {
			isa = PBXGroup;
			children = (
				4337059322ADE8FE00EBC58B /* Controller */,
				4337059022ADE4DF00EBC58B /* View */,
			);
			path = Customer;
			sourceTree = "<group>";
		};
		4337059022ADE4DF00EBC58B /* View */ = {
			isa = PBXGroup;
			children = (
				43A2F47122A1E815003A07ED /* CustomerCollectionViewCell.swift */,
				433705A922AEEDBA00EBC58B /* ClientDetailHeadReusableView.swift */,
				431D155D22F63A7300C86C1A /* ReportCollectionViewCell.swift */,
				4376D08122E3B0BA00A4671D /* MenuMasterTableViewCell.swift */,
			);
			path = View;
			sourceTree = "<group>";
		};
		4337059322ADE8FE00EBC58B /* Controller */ = {
			isa = PBXGroup;
			children = (
				4327315622A0C15100BE2792 /* CustomerCollectionViewController.swift */,
				43A2F49622A5FFDA003A07ED /* AddClientViewController.swift */,
				4337059C22ADEF3700EBC58B /* ClientDetailCollectionViewController.swift */,
				435D0EC522DE844200BB7F55 /* ReportDetailViewController.swift */,
				43E2D18C22B35AE300DCD9CA /* NewReportViewController.swift */,
				4313075822E1327A00A2A804 /* MenuSelectTableViewController.swift */,
				4376D08322E57B3000A4671D /* NewMenuViewController.swift */,
			);
			path = Controller;
			sourceTree = "<group>";
		};
		433705A022ADFA5600EBC58B /* Subclasses */ = {
			isa = PBXGroup;
			children = (
				433705A122ADFA7C00EBC58B /* BaseCollectionViewController.swift */,
				433705AB22AEEFF900EBC58B /* UIView+ConstraintLayout.swift */,
				43ED0B0E22C0351600781893 /* FetchCollectionViewController.swift */,
				43C52F6022ED6ED600322342 /* FetchTableViewController.swift */,
			);
			path = Subclasses;
			sourceTree = "<group>";
		};
		435C902F22C419D1009D6D4E /* Frameworks */ = {
			isa = PBXGroup;
			children = (
				435C903022C419D1009D6D4E /* FSCalendar.framework */,
				89D7F6BCDF1DD08D3D4FF57C /* Pods_Nailish.framework */,
			);
			name = Frameworks;
			sourceTree = "<group>";
		};
		435C903522C41B92009D6D4E /* Calender */ = {
			isa = PBXGroup;
			children = (
				435C903622C41BBF009D6D4E /* Controller */,
				435C903922C50A09009D6D4E /* View */,
			);
			path = Calender;
			sourceTree = "<group>";
		};
		435C903622C41BBF009D6D4E /* Controller */ = {
			isa = PBXGroup;
			children = (
				435C903722C41CB0009D6D4E /* MainCalenderViewController.swift */,
				43DA461722C7E13B00000FB5 /* AddAppointmentViewController.swift */,
			);
			path = Controller;
			sourceTree = "<group>";
		};
		435C903922C50A09009D6D4E /* View */ = {
			isa = PBXGroup;
			children = (
				435C903A22C50A3B009D6D4E /* CalendarTableViewCell.swift */,
			);
			path = View;
			sourceTree = "<group>";
		};
		435C903E22C512BA009D6D4E /* Utils */ = {
			isa = PBXGroup;
			children = (
				43A2F4A022A7B31A003A07ED /* HelperExtentions */,
				433705A022ADFA5600EBC58B /* Subclasses */,
			);
			path = Utils;
			sourceTree = "<group>";
		};
		437A7598229FABFE0032E371 = {
			isa = PBXGroup;
			children = (
				437A75A3229FABFF0032E371 /* Nailish */,
				437A75A2229FABFF0032E371 /* Product */,
				435C902F22C419D1009D6D4E /* Frameworks */,
				25EA0D06237956449CBB2681 /* Pods */,
			);
			sourceTree = "<group>";
		};
		437A75A2229FABFF0032E371 /* Product */ = {
			isa = PBXGroup;
			children = (
				437A75A1229FABFF0032E371 /* Nailish.app */,
			);
			name = Product;
			sourceTree = "<group>";
		};
		437A75A3229FABFF0032E371 /* Nailish */ = {
			isa = PBXGroup;
			children = (
				4327315522A09EF900BE2792 /* Customer */,
				435C903522C41B92009D6D4E /* Calender */,
				437A75B0229FAC010032E371 /* Info.plist */,
				4313075722E12F1A00A2A804 /* Model.h */,
				437A75B7229FBF8B0032E371 /* MainTabBarController.swift */,
				43E6915322AB0B8A0097C2B6 /* CoreDataManager.swift */,
				435C902C22C3557B009D6D4E /* ClientModel.xcdatamodeld */,
				435C903E22C512BA009D6D4E /* Utils */,
				437A75B6229FAC4F0032E371 /* Supporting Files */,
			);
			path = Nailish;
			sourceTree = "<group>";
		};
		437A75B6229FAC4F0032E371 /* Supporting Files */ = {
			isa = PBXGroup;
			children = (
				4311350D231F9FB8007DF8AB /* MappingModelV2toV3.xcmappingmodel */,
				437A75A4229FABFF0032E371 /* AppDelegate.swift */,
				437A75A8229FABFF0032E371 /* Main.storyboard */,
				43F87A96233C9BA70098A47E /* Colors.xcassets */,
				43A28B0922EFB39F00F57860 /* Assets.xcassets */,
				437A75AD229FAC010032E371 /* LaunchScreen.storyboard */,
			);
			path = "Supporting Files";
			sourceTree = "<group>";
		};
		43A2F4A022A7B31A003A07ED /* HelperExtentions */ = {
			isa = PBXGroup;
			children = (
				43A2F49E22A7B315003A07ED /* MyTextField.swift */,
				435D0EC122DC548E00BB7F55 /* MyNormalTextField.swift */,
				43ED0B0422BD8D9100781893 /* MyTextView.swift */,
				435C903C22C50CF8009D6D4E /* MyUILabel.swift */,
				435D0EBF22DC483000BB7F55 /* CustomDoneToolbar.swift */,
				43ED0B0822BD998900781893 /* CustomDateToolbar.swift */,
				43ED0B0022BD8D4100781893 /* DatePickerKeyboard.swift */,
				43ED0B0222BD8D5B00781893 /* Extensions.swift */,
				43C52F5722E6751600322342 /* TagColor.swift */,
			);
			path = HelperExtentions;
			sourceTree = "<group>";
		};
/* End PBXGroup section */

/* Begin PBXNativeTarget section */
		437A75A0229FABFF0032E371 /* Nailish */ = {
			isa = PBXNativeTarget;
			buildConfigurationList = 437A75B3229FAC010032E371 /* Build configuration list for PBXNativeTarget "Nailish" */;
			buildPhases = (
				98334D5D8D24A94B52CA2B13 /* [CP] Check Pods Manifest.lock */,
				437A759D229FABFF0032E371 /* Sources */,
				437A759E229FABFF0032E371 /* Frameworks */,
				437A759F229FABFF0032E371 /* Resources */,
				4383C15A22F55AED00B56BBD /* ShellScript */,
				2C9A93608DC7A9F415053E91 /* [CP] Embed Pods Frameworks */,
				C078A04F5F6D9D8A3B5D60D6 /* [CP] Copy Pods Resources */,
			);
			buildRules = (
			);
			dependencies = (
			);
			name = Nailish;
			productName = Naily;
			productReference = 437A75A1229FABFF0032E371 /* Nailish.app */;
			productType = "com.apple.product-type.application";
		};
/* End PBXNativeTarget section */

/* Begin PBXProject section */
		437A7599229FABFE0032E371 /* Project object */ = {
			isa = PBXProject;
			attributes = {
				LastSwiftUpdateCheck = 1020;
				LastUpgradeCheck = 1020;
				ORGANIZATIONNAME = "Shota Iwamoto";
				TargetAttributes = {
					437A75A0229FABFF0032E371 = {
						CreatedOnToolsVersion = 10.2.1;
					};
				};
			};
			buildConfigurationList = 437A759C229FABFE0032E371 /* Build configuration list for PBXProject "Nailish" */;
			compatibilityVersion = "Xcode 10.0";
			developmentRegion = en;
			hasScannedForEncodings = 0;
			knownRegions = (
				en,
				Base,
			);
			mainGroup = 437A7598229FABFE0032E371;
			productRefGroup = 437A75A2229FABFF0032E371 /* Product */;
			projectDirPath = "";
			projectRoot = "";
			targets = (
				437A75A0229FABFF0032E371 /* Nailish */,
			);
		};
/* End PBXProject section */

/* Begin PBXResourcesBuildPhase section */
		437A759F229FABFF0032E371 /* Resources */ = {
			isa = PBXResourcesBuildPhase;
			buildActionMask = 2147483647;
			files = (
				437A75AF229FAC010032E371 /* LaunchScreen.storyboard in Resources */,
				43F87A97233C9BA70098A47E /* Colors.xcassets in Resources */,
				43A28B0A22EFB39F00F57860 /* Assets.xcassets in Resources */,
				437A75AA229FABFF0032E371 /* Main.storyboard in Resources */,
			);
			runOnlyForDeploymentPostprocessing = 0;
		};
/* End PBXResourcesBuildPhase section */

/* Begin PBXShellScriptBuildPhase section */
		2C9A93608DC7A9F415053E91 /* [CP] Embed Pods Frameworks */ = {
			isa = PBXShellScriptBuildPhase;
			buildActionMask = 2147483647;
			files = (
			);
			inputFileListPaths = (
				"${PODS_ROOT}/Target Support Files/Pods-Nailish/Pods-Nailish-frameworks-${CONFIGURATION}-input-files.xcfilelist",
			);
			name = "[CP] Embed Pods Frameworks";
			outputFileListPaths = (
				"${PODS_ROOT}/Target Support Files/Pods-Nailish/Pods-Nailish-frameworks-${CONFIGURATION}-output-files.xcfilelist",
			);
			runOnlyForDeploymentPostprocessing = 0;
			shellPath = /bin/sh;
			shellScript = "\"${PODS_ROOT}/Target Support Files/Pods-Nailish/Pods-Nailish-frameworks.sh\"\n";
			showEnvVarsInLog = 0;
		};
		4383C15A22F55AED00B56BBD /* ShellScript */ = {
			isa = PBXShellScriptBuildPhase;
			buildActionMask = 2147483647;
			files = (
			);
			inputFileListPaths = (
			);
			inputPaths = (
				"$(SRCROOT)/Carthage/Build/iOS/FSCalendar.framework",
			);
			outputFileListPaths = (
			);
			outputPaths = (
			);
			runOnlyForDeploymentPostprocessing = 0;
			shellPath = /bin/sh;
			shellScript = "/usr/local/bin/carthage copy-frameworks\n";
		};
		98334D5D8D24A94B52CA2B13 /* [CP] Check Pods Manifest.lock */ = {
			isa = PBXShellScriptBuildPhase;
			buildActionMask = 2147483647;
			files = (
			);
			inputFileListPaths = (
			);
			inputPaths = (
				"${PODS_PODFILE_DIR_PATH}/Podfile.lock",
				"${PODS_ROOT}/Manifest.lock",
			);
			name = "[CP] Check Pods Manifest.lock";
			outputFileListPaths = (
			);
			outputPaths = (
				"$(DERIVED_FILE_DIR)/Pods-Nailish-checkManifestLockResult.txt",
			);
			runOnlyForDeploymentPostprocessing = 0;
			shellPath = /bin/sh;
			shellScript = "diff \"${PODS_PODFILE_DIR_PATH}/Podfile.lock\" \"${PODS_ROOT}/Manifest.lock\" > /dev/null\nif [ $? != 0 ] ; then\n    # print error to STDERR\n    echo \"error: The sandbox is not in sync with the Podfile.lock. Run 'pod install' or update your CocoaPods installation.\" >&2\n    exit 1\nfi\n# This output is used by Xcode 'outputs' to avoid re-running this script phase.\necho \"SUCCESS\" > \"${SCRIPT_OUTPUT_FILE_0}\"\n";
			showEnvVarsInLog = 0;
		};
		C078A04F5F6D9D8A3B5D60D6 /* [CP] Copy Pods Resources */ = {
			isa = PBXShellScriptBuildPhase;
			buildActionMask = 2147483647;
			files = (
			);
			inputFileListPaths = (
				"${PODS_ROOT}/Target Support Files/Pods-Nailish/Pods-Nailish-resources-${CONFIGURATION}-input-files.xcfilelist",
			);
			name = "[CP] Copy Pods Resources";
			outputFileListPaths = (
				"${PODS_ROOT}/Target Support Files/Pods-Nailish/Pods-Nailish-resources-${CONFIGURATION}-output-files.xcfilelist",
			);
			runOnlyForDeploymentPostprocessing = 0;
			shellPath = /bin/sh;
			shellScript = "\"${PODS_ROOT}/Target Support Files/Pods-Nailish/Pods-Nailish-resources.sh\"\n";
			showEnvVarsInLog = 0;
		};
/* End PBXShellScriptBuildPhase section */

/* Begin PBXSourcesBuildPhase section */
		437A759D229FABFF0032E371 /* Sources */ = {
			isa = PBXSourcesBuildPhase;
			buildActionMask = 2147483647;
			files = (
				435C902E22C3557C009D6D4E /* ClientModel.xcdatamodeld in Sources */,
				43A2F49F22A7B315003A07ED /* MyTextField.swift in Sources */,
				435C903822C41CB0009D6D4E /* MainCalenderViewController.swift in Sources */,
				4337059D22ADEF3700EBC58B /* ClientDetailCollectionViewController.swift in Sources */,
				4376D08222E3B0BA00A4671D /* MenuMasterTableViewCell.swift in Sources */,
				435C903D22C50CF8009D6D4E /* MyUILabel.swift in Sources */,
				43A2F47222A1E815003A07ED /* CustomerCollectionViewCell.swift in Sources */,
				435D0EC022DC483000BB7F55 /* CustomDoneToolbar.swift in Sources */,
				4311350E231F9FB8007DF8AB /* MappingModelV2toV3.xcmappingmodel in Sources */,
				43ED0B0522BD8D9100781893 /* MyTextView.swift in Sources */,
				43ED0B0122BD8D4100781893 /* DatePickerKeyboard.swift in Sources */,
				43C52F6122ED6ED600322342 /* FetchTableViewController.swift in Sources */,
				43C52F5822E6751600322342 /* TagColor.swift in Sources */,
				437A75A5229FABFF0032E371 /* AppDelegate.swift in Sources */,
				4327315722A0C15100BE2792 /* CustomerCollectionViewController.swift in Sources */,
				43E2D18D22B35AE300DCD9CA /* NewReportViewController.swift in Sources */,
				433705AC22AEEFF900EBC58B /* UIView+ConstraintLayout.swift in Sources */,
				435D0EC222DC548E00BB7F55 /* MyNormalTextField.swift in Sources */,
				43ED0B0922BD998900781893 /* CustomDateToolbar.swift in Sources */,
				433705A222ADFA7C00EBC58B /* BaseCollectionViewController.swift in Sources */,
				43ED0B0322BD8D5B00781893 /* Extensions.swift in Sources */,
				431D155E22F63A7400C86C1A /* ReportCollectionViewCell.swift in Sources */,
				43ED0B0F22C0351600781893 /* FetchCollectionViewController.swift in Sources */,
				437A75B8229FBF8B0032E371 /* MainTabBarController.swift in Sources */,
				435D0EC622DE844200BB7F55 /* ReportDetailViewController.swift in Sources */,
				435C903B22C50A3B009D6D4E /* CalendarTableViewCell.swift in Sources */,
				43DA461822C7E13B00000FB5 /* AddAppointmentViewController.swift in Sources */,
				4313075922E1327A00A2A804 /* MenuSelectTableViewController.swift in Sources */,
				43E6915422AB0B8A0097C2B6 /* CoreDataManager.swift in Sources */,
				4376D08422E57B3000A4671D /* NewMenuViewController.swift in Sources */,
				43A2F49722A5FFDA003A07ED /* AddClientViewController.swift in Sources */,
				433705AA22AEEDBA00EBC58B /* ClientDetailHeadReusableView.swift in Sources */,
			);
			runOnlyForDeploymentPostprocessing = 0;
		};
/* End PBXSourcesBuildPhase section */

/* Begin PBXVariantGroup section */
		437A75A8229FABFF0032E371 /* Main.storyboard */ = {
			isa = PBXVariantGroup;
			children = (
				437A75A9229FABFF0032E371 /* Base */,
			);
			name = Main.storyboard;
			sourceTree = "<group>";
		};
		437A75AD229FAC010032E371 /* LaunchScreen.storyboard */ = {
			isa = PBXVariantGroup;
			children = (
				437A75AE229FAC010032E371 /* Base */,
			);
			name = LaunchScreen.storyboard;
			sourceTree = "<group>";
		};
/* End PBXVariantGroup section */

/* Begin XCBuildConfiguration section */
		437A75B1229FAC010032E371 /* Debug */ = {
			isa = XCBuildConfiguration;
			buildSettings = {
				ALWAYS_SEARCH_USER_PATHS = NO;
				CLANG_ANALYZER_NONNULL = YES;
				CLANG_ANALYZER_NUMBER_OBJECT_CONVERSION = YES_AGGRESSIVE;
				CLANG_CXX_LANGUAGE_STANDARD = "gnu++14";
				CLANG_CXX_LIBRARY = "libc++";
				CLANG_ENABLE_MODULES = YES;
				CLANG_ENABLE_OBJC_ARC = YES;
				CLANG_ENABLE_OBJC_WEAK = YES;
				CLANG_WARN_BLOCK_CAPTURE_AUTORELEASING = YES;
				CLANG_WARN_BOOL_CONVERSION = YES;
				CLANG_WARN_COMMA = YES;
				CLANG_WARN_CONSTANT_CONVERSION = YES;
				CLANG_WARN_DEPRECATED_OBJC_IMPLEMENTATIONS = YES;
				CLANG_WARN_DIRECT_OBJC_ISA_USAGE = YES_ERROR;
				CLANG_WARN_DOCUMENTATION_COMMENTS = YES;
				CLANG_WARN_EMPTY_BODY = YES;
				CLANG_WARN_ENUM_CONVERSION = YES;
				CLANG_WARN_INFINITE_RECURSION = YES;
				CLANG_WARN_INT_CONVERSION = YES;
				CLANG_WARN_NON_LITERAL_NULL_CONVERSION = YES;
				CLANG_WARN_OBJC_IMPLICIT_RETAIN_SELF = YES;
				CLANG_WARN_OBJC_LITERAL_CONVERSION = YES;
				CLANG_WARN_OBJC_ROOT_CLASS = YES_ERROR;
				CLANG_WARN_RANGE_LOOP_ANALYSIS = YES;
				CLANG_WARN_STRICT_PROTOTYPES = YES;
				CLANG_WARN_SUSPICIOUS_MOVE = YES;
				CLANG_WARN_UNGUARDED_AVAILABILITY = YES_AGGRESSIVE;
				CLANG_WARN_UNREACHABLE_CODE = YES;
				CLANG_WARN__DUPLICATE_METHOD_MATCH = YES;
				CODE_SIGN_IDENTITY = "iPhone Developer";
				COPY_PHASE_STRIP = NO;
				DEBUG_INFORMATION_FORMAT = dwarf;
				ENABLE_STRICT_OBJC_MSGSEND = YES;
				ENABLE_TESTABILITY = YES;
				GCC_C_LANGUAGE_STANDARD = gnu11;
				GCC_DYNAMIC_NO_PIC = NO;
				GCC_NO_COMMON_BLOCKS = YES;
				GCC_OPTIMIZATION_LEVEL = 0;
				GCC_PREPROCESSOR_DEFINITIONS = (
					"DEBUG=1",
					"$(inherited)",
				);
				GCC_WARN_64_TO_32_BIT_CONVERSION = YES;
				GCC_WARN_ABOUT_RETURN_TYPE = YES_ERROR;
				GCC_WARN_UNDECLARED_SELECTOR = YES;
				GCC_WARN_UNINITIALIZED_AUTOS = YES_AGGRESSIVE;
				GCC_WARN_UNUSED_FUNCTION = YES;
				GCC_WARN_UNUSED_VARIABLE = YES;
				IPHONEOS_DEPLOYMENT_TARGET = 12.2;
				MTL_ENABLE_DEBUG_INFO = INCLUDE_SOURCE;
				MTL_FAST_MATH = YES;
				ONLY_ACTIVE_ARCH = YES;
				SDKROOT = iphoneos;
				SWIFT_ACTIVE_COMPILATION_CONDITIONS = DEBUG;
				SWIFT_OPTIMIZATION_LEVEL = "-Onone";
			};
			name = Debug;
		};
		437A75B2229FAC010032E371 /* Release */ = {
			isa = XCBuildConfiguration;
			buildSettings = {
				ALWAYS_SEARCH_USER_PATHS = NO;
				CLANG_ANALYZER_NONNULL = YES;
				CLANG_ANALYZER_NUMBER_OBJECT_CONVERSION = YES_AGGRESSIVE;
				CLANG_CXX_LANGUAGE_STANDARD = "gnu++14";
				CLANG_CXX_LIBRARY = "libc++";
				CLANG_ENABLE_MODULES = YES;
				CLANG_ENABLE_OBJC_ARC = YES;
				CLANG_ENABLE_OBJC_WEAK = YES;
				CLANG_WARN_BLOCK_CAPTURE_AUTORELEASING = YES;
				CLANG_WARN_BOOL_CONVERSION = YES;
				CLANG_WARN_COMMA = YES;
				CLANG_WARN_CONSTANT_CONVERSION = YES;
				CLANG_WARN_DEPRECATED_OBJC_IMPLEMENTATIONS = YES;
				CLANG_WARN_DIRECT_OBJC_ISA_USAGE = YES_ERROR;
				CLANG_WARN_DOCUMENTATION_COMMENTS = YES;
				CLANG_WARN_EMPTY_BODY = YES;
				CLANG_WARN_ENUM_CONVERSION = YES;
				CLANG_WARN_INFINITE_RECURSION = YES;
				CLANG_WARN_INT_CONVERSION = YES;
				CLANG_WARN_NON_LITERAL_NULL_CONVERSION = YES;
				CLANG_WARN_OBJC_IMPLICIT_RETAIN_SELF = YES;
				CLANG_WARN_OBJC_LITERAL_CONVERSION = YES;
				CLANG_WARN_OBJC_ROOT_CLASS = YES_ERROR;
				CLANG_WARN_RANGE_LOOP_ANALYSIS = YES;
				CLANG_WARN_STRICT_PROTOTYPES = YES;
				CLANG_WARN_SUSPICIOUS_MOVE = YES;
				CLANG_WARN_UNGUARDED_AVAILABILITY = YES_AGGRESSIVE;
				CLANG_WARN_UNREACHABLE_CODE = YES;
				CLANG_WARN__DUPLICATE_METHOD_MATCH = YES;
				CODE_SIGN_IDENTITY = "iPhone Developer";
				COPY_PHASE_STRIP = NO;
				DEBUG_INFORMATION_FORMAT = "dwarf-with-dsym";
				ENABLE_NS_ASSERTIONS = NO;
				ENABLE_STRICT_OBJC_MSGSEND = YES;
				GCC_C_LANGUAGE_STANDARD = gnu11;
				GCC_NO_COMMON_BLOCKS = YES;
				GCC_WARN_64_TO_32_BIT_CONVERSION = YES;
				GCC_WARN_ABOUT_RETURN_TYPE = YES_ERROR;
				GCC_WARN_UNDECLARED_SELECTOR = YES;
				GCC_WARN_UNINITIALIZED_AUTOS = YES_AGGRESSIVE;
				GCC_WARN_UNUSED_FUNCTION = YES;
				GCC_WARN_UNUSED_VARIABLE = YES;
				IPHONEOS_DEPLOYMENT_TARGET = 12.2;
				MTL_ENABLE_DEBUG_INFO = NO;
				MTL_FAST_MATH = YES;
				SDKROOT = iphoneos;
				SWIFT_COMPILATION_MODE = wholemodule;
				SWIFT_OPTIMIZATION_LEVEL = "-O";
				VALIDATE_PRODUCT = YES;
			};
			name = Release;
		};
		437A75B4229FAC010032E371 /* Debug */ = {
			isa = XCBuildConfiguration;
			baseConfigurationReference = D1588EEC521CE11B7703E6EF /* Pods-Nailish.debug.xcconfig */;
			buildSettings = {
				ASSETCATALOG_COMPILER_APPICON_NAME = AppIcon;
				CODE_SIGN_IDENTITY = "iPhone Developer";
				CODE_SIGN_STYLE = Automatic;
				CURRENT_PROJECT_VERSION = 1.0.10;
				DEVELOPMENT_TEAM = 8NSL5N58W5;
				FRAMEWORK_SEARCH_PATHS = (
					"$(inherited)",
					"$(PROJECT_DIR)/Carthage/Build/iOS",
				);
				INFOPLIST_FILE = "$(SRCROOT)/Nailish/Info.plist";
				IPHONEOS_DEPLOYMENT_TARGET = 11.0;
				LD_RUNPATH_SEARCH_PATHS = (
					"$(inherited)",
					"@executable_path/Frameworks",
				);
				MARKETING_VERSION = 1.0.10;
				PRODUCT_BUNDLE_IDENTIFIER = "work.shota-iwamoto.Nailish";
				PRODUCT_NAME = "$(TARGET_NAME)";
				PROVISIONING_PROFILE_SPECIFIER = "";
				SWIFT_VERSION = 5.0;
				TARGETED_DEVICE_FAMILY = 1;
			};
			name = Debug;
		};
		437A75B5229FAC010032E371 /* Release */ = {
			isa = XCBuildConfiguration;
			baseConfigurationReference = 4BDE12FAE40CC1B8224A4A29 /* Pods-Nailish.release.xcconfig */;
			buildSettings = {
				ASSETCATALOG_COMPILER_APPICON_NAME = AppIcon;
				CODE_SIGN_IDENTITY = "iPhone Developer";
				CODE_SIGN_STYLE = Automatic;
				CURRENT_PROJECT_VERSION = 1.0.10;
				DEVELOPMENT_TEAM = 8NSL5N58W5;
				FRAMEWORK_SEARCH_PATHS = (
					"$(inherited)",
					"$(PROJECT_DIR)/Carthage/Build/iOS",
				);
				INFOPLIST_FILE = "$(SRCROOT)/Nailish/Info.plist";
				IPHONEOS_DEPLOYMENT_TARGET = 11.0;
				LD_RUNPATH_SEARCH_PATHS = (
					"$(inherited)",
					"@executable_path/Frameworks",
				);
				MARKETING_VERSION = 1.0.10;
				PRODUCT_BUNDLE_IDENTIFIER = "work.shota-iwamoto.Nailish";
				PRODUCT_NAME = "$(TARGET_NAME)";
				PROVISIONING_PROFILE_SPECIFIER = "";
				SWIFT_VERSION = 5.0;
				TARGETED_DEVICE_FAMILY = 1;
			};
			name = Release;
		};
/* End XCBuildConfiguration section */

/* Begin XCConfigurationList section */
		437A759C229FABFE0032E371 /* Build configuration list for PBXProject "Nailish" */ = {
			isa = XCConfigurationList;
			buildConfigurations = (
				437A75B1229FAC010032E371 /* Debug */,
				437A75B2229FAC010032E371 /* Release */,
			);
			defaultConfigurationIsVisible = 0;
			defaultConfigurationName = Release;
		};
		437A75B3229FAC010032E371 /* Build configuration list for PBXNativeTarget "Nailish" */ = {
			isa = XCConfigurationList;
			buildConfigurations = (
				437A75B4229FAC010032E371 /* Debug */,
				437A75B5229FAC010032E371 /* Release */,
			);
			defaultConfigurationIsVisible = 0;
			defaultConfigurationName = Release;
		};
/* End XCConfigurationList section */

/* Begin XCVersionGroup section */
		435C902C22C3557B009D6D4E /* ClientModel.xcdatamodeld */ = {
			isa = XCVersionGroup;
			children = (
				4311350C231F9775007DF8AB /* ClientModel v3.xcdatamodel */,
				433B535C230A1ECB0051B944 /* ClientModel v2.xcdatamodel */,
				435C902D22C3557B009D6D4E /* ClientModel.xcdatamodel */,
			);
			currentVersion = 4311350C231F9775007DF8AB /* ClientModel v3.xcdatamodel */;
			path = ClientModel.xcdatamodeld;
			sourceTree = "<group>";
			versionGroupType = wrapper.xcdatamodel;
		};
/* End XCVersionGroup section */
	};
	rootObject = 437A7599229FABFE0032E371 /* Project object */;
}
